
Microsoft Visual Studio Solution File, Format Version 12.00
# Visual Studio 2012
Project("{FAE04EC0-301F-11D3-BF4B-00C04F79EFBC}") = "BestSongs", "BestSongs\BestSongs.csproj", "{E66BA52A-C1EE-4501-8A86-9AD2D9130A9B}"
EndProject
Project("{FAE04EC0-301F-11D3-BF4B-00C04F79EFBC}") = "BestSongs.iOS", "iOS\BestSongs.iOS.csproj", "{59B30414-F454-473E-8270-0A21A51BA2E1}"
EndProject
Project("{FAE04EC0-301F-11D3-BF4B-00C04F79EFBC}") = "BestSongs.Droid", "Droid\BestSongs.Droid.csproj", "{464D0BBA-5033-40EF-ABAE-BE1A36ADC51C}"
EndProject
Global
	GlobalSection(SolutionConfigurationPlatforms) = preSolution
		Debug|Any CPU = Debug|Any CPU
		Release|Any CPU = Release|Any CPU
		Debug|iPhoneSimulator = Debug|iPhoneSimulator
		Release|iPhone = Release|iPhone
		Release|iPhoneSimulator = Release|iPhoneSimulator
		Debug|iPhone = Debug|iPhone
	EndGlobalSection
	GlobalSection(ProjectConfigurationPlatforms) = postSolution
		{E66BA52A-C1EE-4501-8A86-9AD2D9130A9B}.Debug|Any CPU.ActiveCfg = Debug|Any CPU
		{E66BA52A-C1EE-4501-8A86-9AD2D9130A9B}.Debug|Any CPU.Build.0 = Debug|Any CPU
		{E66BA52A-C1EE-4501-8A86-9AD2D9130A9B}.Release|Any CPU.ActiveCfg = Release|Any CPU
		{E66BA52A-C1EE-4501-8A86-9AD2D9130A9B}.Release|Any CPU.Build.0 = Release|Any CPU
		{E66BA52A-C1EE-4501-8A86-9AD2D9130A9B}.Debug|iPhoneSimulator.ActiveCfg = Debug|Any CPU
		{E66BA52A-C1EE-4501-8A86-9AD2D9130A9B}.Debug|iPhoneSimulator.Build.0 = Debug|Any CPU
		{E66BA52A-C1EE-4501-8A86-9AD2D9130A9B}.Release|iPhone.ActiveCfg = Release|Any CPU
		{E66BA52A-C1EE-4501-8A86-9AD2D9130A9B}.Release|iPhone.Build.0 = Release|Any CPU
		{E66BA52A-C1EE-4501-8A86-9AD2D9130A9B}.Release|iPhoneSimulator.ActiveCfg = Release|Any CPU
		{E66BA52A-C1EE-4501-8A86-9AD2D9130A9B}.Release|iPhoneSimulator.Build.0 = Release|Any CPU
		{E66BA52A-C1EE-4501-8A86-9AD2D9130A9B}.Debug|iPhone.ActiveCfg = Debug|Any CPU
		{E66BA52A-C1EE-4501-8A86-9AD2D9130A9B}.Debug|iPhone.Build.0 = Debug|Any CPU
		{59B30414-F454-473E-8270-0A21A51BA2E1}.Debug|Any CPU.ActiveCfg = Debug|iPhoneSimulator
		{59B30414-F454-473E-8270-0A21A51BA2E1}.Debug|Any CPU.Build.0 = Debug|iPhoneSimulator
		{59B30414-F454-473E-8270-0A21A51BA2E1}.Release|Any CPU.ActiveCfg = Release|iPhone
		{59B30414-F454-473E-8270-0A21A51BA2E1}.Release|Any CPU.Build.0 = Release|iPhone
		{59B30414-F454-473E-8270-0A21A51BA2E1}.Debug|iPhoneSimulator.ActiveCfg = Debug|iPhoneSimulator
		{59B30414-F454-473E-8270-0A21A51BA2E1}.Debug|iPhoneSimulator.Build.0 = Debug|iPhoneSimulator
		{59B30414-F454-473E-8270-0A21A51BA2E1}.Release|iPhone.ActiveCfg = Release|iPhone
		{59B30414-F454-473E-8270-0A21A51BA2E1}.Release|iPhone.Build.0 = Release|iPhone
		{59B30414-F454-473E-8270-0A21A51BA2E1}.Release|iPhoneSimulator.ActiveCfg = Release|iPhoneSimulator
		{59B30414-F454-473E-8270-0A21A51BA2E1}.Release|iPhoneSimulator.Build.0 = Release|iPhoneSimulator
		{59B30414-F454-473E-8270-0A21A51BA2E1}.Debug|iPhone.ActiveCfg = Debug|iPhone
		{59B30414-F454-473E-8270-0A21A51BA2E1}.Debug|iPhone.Build.0 = Debug|iPhone
		{464D0BBA-5033-40EF-ABAE-BE1A36ADC51C}.Debug|Any CPU.ActiveCfg = Debug|Any CPU
		{464D0BBA-5033-40EF-ABAE-BE1A36ADC51C}.Debug|Any CPU.Build.0 = Debug|Any CPU
		{464D0BBA-5033-40EF-ABAE-BE1A36ADC51C}.Release|Any CPU.ActiveCfg = Release|Any CPU
		{464D0BBA-5033-40EF-ABAE-BE1A36ADC51C}.Release|Any CPU.Build.0 = Release|Any CPU
		{464D0BBA-5033-40EF-ABAE-BE1A36ADC51C}.Debug|iPhoneSimulator.ActiveCfg = Debug|Any CPU
		{464D0BBA-5033-40EF-ABAE-BE1A36ADC51C}.Debug|iPhoneSimulator.Build.0 = Debug|Any CPU
		{464D0BBA-5033-40EF-ABAE-BE1A36ADC51C}.Release|iPhone.ActiveCfg = Release|Any CPU
		{464D0BBA-5033-40EF-ABAE-BE1A36ADC51C}.Release|iPhone.Build.0 = Release|Any CPU
		{464D0BBA-5033-40EF-ABAE-BE1A36ADC51C}.Release|iPhoneSimulator.ActiveCfg = Release|Any CPU
		{464D0BBA-5033-40EF-ABAE-BE1A36ADC51C}.Release|iPhoneSimulator.Build.0 = Release|Any CPU
		{464D0BBA-5033-40EF-ABAE-BE1A36ADC51C}.Debug|iPhone.ActiveCfg = Debug|Any CPU
		{464D0BBA-5033-40EF-ABAE-BE1A36ADC51C}.Debug|iPhone.Build.0 = Debug|Any CPU
	EndGlobalSection
EndGlobal
